
Microsoft Visual Studio Solution File, Format Version 12.00
# Visual Studio 2013
VisualStudioVersion = 12.0.31101.0
MinimumVisualStudioVersion = 10.0.40219.1
Project("{FAE04EC0-301F-11D3-BF4B-00C04F79EFBC}") = "McTools.Parameters.Plugins", "McTools.Parameters.Plugins\McTools.Parameters.Plugins.csproj", "{8FC852C0-DE24-44BC-AC3F-EB081B32977C}"
EndProject
Project("{FAE04EC0-301F-11D3-BF4B-00C04F79EFBC}") = "McTools.Parameters.WebResources", "McTools.Parameters.WebResources\McTools.Parameters.WebResources.csproj", "{1D78A7B9-DCB6-4A7B-9980-D1968E369414}"
EndProject
Project("{FAE04EC0-301F-11D3-BF4B-00C04F79EFBC}") = "McTools.Parameters.Solutions", "McTools.Parameters.Solutions\McTools.Parameters.Solutions.csproj", "{014ABA28-C6B7-49E0-B127-0F0D269E2ED3}"
EndProject
Project("{2150E333-8FDC-42A3-9474-1A3956D46DE8}") = "Assemblies", "Assemblies", "{854CADC6-26E5-406D-B243-4C5CA73EB99B}"
	ProjectSection(SolutionItems) = preProject
		Assemblies\Microsoft.Crm.Sdk.Proxy.dll = Assemblies\Microsoft.Crm.Sdk.Proxy.dll
		Assemblies\Microsoft.Xrm.Sdk.dll = Assemblies\Microsoft.Xrm.Sdk.dll
		Assemblies\Microsoft.Xrm.Sdk.Workflow.dll = Assemblies\Microsoft.Xrm.Sdk.Workflow.dll
	EndProjectSection
EndProject
Global
	GlobalSection(SolutionConfigurationPlatforms) = preSolution
		Debug|Any CPU = Debug|Any CPU
		Release|Any CPU = Release|Any CPU
	EndGlobalSection
	GlobalSection(ProjectConfigurationPlatforms) = postSolution
		{8FC852C0-DE24-44BC-AC3F-EB081B32977C}.Debug|Any CPU.ActiveCfg = Debug|Any CPU
		{8FC852C0-DE24-44BC-AC3F-EB081B32977C}.Debug|Any CPU.Build.0 = Debug|Any CPU
		{8FC852C0-DE24-44BC-AC3F-EB081B32977C}.Release|Any CPU.ActiveCfg = Release|Any CPU
		{8FC852C0-DE24-44BC-AC3F-EB081B32977C}.Release|Any CPU.Build.0 = Release|Any CPU
		{1D78A7B9-DCB6-4A7B-9980-D1968E369414}.Debug|Any CPU.ActiveCfg = Debug|Any CPU
		{1D78A7B9-DCB6-4A7B-9980-D1968E369414}.Debug|Any CPU.Build.0 = Debug|Any CPU
		{1D78A7B9-DCB6-4A7B-9980-D1968E369414}.Release|Any CPU.ActiveCfg = Release|Any CPU
		{1D78A7B9-DCB6-4A7B-9980-D1968E369414}.Release|Any CPU.Build.0 = Release|Any CPU
		{014ABA28-C6B7-49E0-B127-0F0D269E2ED3}.Debug|Any CPU.ActiveCfg = Debug|Any CPU
		{014ABA28-C6B7-49E0-B127-0F0D269E2ED3}.Debug|Any CPU.Build.0 = Debug|Any CPU
		{014ABA28-C6B7-49E0-B127-0F0D269E2ED3}.Release|Any CPU.ActiveCfg = Release|Any CPU
		{014ABA28-C6B7-49E0-B127-0F0D269E2ED3}.Release|Any CPU.Build.0 = Release|Any CPU
	EndGlobalSection
	GlobalSection(SolutionProperties) = preSolution
		HideSolutionNode = FALSE
	EndGlobalSection
EndGlobal
